
Microsoft Visual Studio Solution File, Format Version 11.00
# Visual Studio 2010
Project("{FAE04EC0-301F-11D3-BF4B-00C04F79EFBC}") = "DTO", "DTO\DTO.csproj", "{C04A182B-5CC1-4144-BF3B-3F257AA4E63D}"
EndProject
Project("{FAE04EC0-301F-11D3-BF4B-00C04F79EFBC}") = "DAL", "DAL\DAL.csproj", "{BD657B32-4490-43D6-99BB-724FB5432359}"
EndProject
Project("{FAE04EC0-301F-11D3-BF4B-00C04F79EFBC}") = "BLL", "BLL\BLL.csproj", "{B9539CD1-BAE3-479B-9E77-C9DEDBCEE1EB}"
EndProject
Project("{FAE04EC0-301F-11D3-BF4B-00C04F79EFBC}") = "UI", "UI\UI.csproj", "{841AE454-1A77-4BAB-9FF4-8B660B815B50}"
EndProject
Project("{FAE04EC0-301F-11D3-BF4B-00C04F79EFBC}") = "Utility", "Utility\Utility.csproj", "{2289A21E-4A86-4020-AA0B-3B943D77BBD9}"
EndProject
Project("{FAE04EC0-301F-11D3-BF4B-00C04F79EFBC}") = "ADTO", "ADTO\ADTO.csproj", "{0C77C466-C72F-487F-9607-CE3BC9A2B336}"
EndProject
Project("{FAE04EC0-301F-11D3-BF4B-00C04F79EFBC}") = "ADAL", "ADAL\ADAL.csproj", "{40A47533-20F1-40B3-BC59-0284DF73E59C}"
EndProject
Project("{FAE04EC0-301F-11D3-BF4B-00C04F79EFBC}") = "ABLL", "ABLL\ABLL.csproj", "{C620D663-7D81-4587-ADE7-43F619825CAE}"
EndProject
Global
	GlobalSection(SolutionConfigurationPlatforms) = preSolution
		Debug|Any CPU = Debug|Any CPU
		Release|Any CPU = Release|Any CPU
	EndGlobalSection
	GlobalSection(ProjectConfigurationPlatforms) = postSolution
		{C04A182B-5CC1-4144-BF3B-3F257AA4E63D}.Debug|Any CPU.ActiveCfg = Debug|Any CPU
		{C04A182B-5CC1-4144-BF3B-3F257AA4E63D}.Debug|Any CPU.Build.0 = Debug|Any CPU
		{C04A182B-5CC1-4144-BF3B-3F257AA4E63D}.Release|Any CPU.ActiveCfg = Release|Any CPU
		{C04A182B-5CC1-4144-BF3B-3F257AA4E63D}.Release|Any CPU.Build.0 = Release|Any CPU
		{BD657B32-4490-43D6-99BB-724FB5432359}.Debug|Any CPU.ActiveCfg = Debug|Any CPU
		{BD657B32-4490-43D6-99BB-724FB5432359}.Debug|Any CPU.Build.0 = Debug|Any CPU
		{BD657B32-4490-43D6-99BB-724FB5432359}.Release|Any CPU.ActiveCfg = Release|Any CPU
		{BD657B32-4490-43D6-99BB-724FB5432359}.Release|Any CPU.Build.0 = Release|Any CPU
		{B9539CD1-BAE3-479B-9E77-C9DEDBCEE1EB}.Debug|Any CPU.ActiveCfg = Debug|Any CPU
		{B9539CD1-BAE3-479B-9E77-C9DEDBCEE1EB}.Debug|Any CPU.Build.0 = Debug|Any CPU
		{B9539CD1-BAE3-479B-9E77-C9DEDBCEE1EB}.Release|Any CPU.ActiveCfg = Release|Any CPU
		{B9539CD1-BAE3-479B-9E77-C9DEDBCEE1EB}.Release|Any CPU.Build.0 = Release|Any CPU
		{841AE454-1A77-4BAB-9FF4-8B660B815B50}.Debug|Any CPU.ActiveCfg = Debug|Any CPU
		{841AE454-1A77-4BAB-9FF4-8B660B815B50}.Debug|Any CPU.Build.0 = Debug|Any CPU
		{841AE454-1A77-4BAB-9FF4-8B660B815B50}.Release|Any CPU.ActiveCfg = Release|Any CPU
		{841AE454-1A77-4BAB-9FF4-8B660B815B50}.Release|Any CPU.Build.0 = Release|Any CPU
		{2289A21E-4A86-4020-AA0B-3B943D77BBD9}.Debug|Any CPU.ActiveCfg = Debug|Any CPU
		{2289A21E-4A86-4020-AA0B-3B943D77BBD9}.Debug|Any CPU.Build.0 = Debug|Any CPU
		{2289A21E-4A86-4020-AA0B-3B943D77BBD9}.Release|Any CPU.ActiveCfg = Release|Any CPU
		{2289A21E-4A86-4020-AA0B-3B943D77BBD9}.Release|Any CPU.Build.0 = Release|Any CPU
		{0C77C466-C72F-487F-9607-CE3BC9A2B336}.Debug|Any CPU.ActiveCfg = Debug|Any CPU
		{0C77C466-C72F-487F-9607-CE3BC9A2B336}.Debug|Any CPU.Build.0 = Debug|Any CPU
		{0C77C466-C72F-487F-9607-CE3BC9A2B336}.Release|Any CPU.ActiveCfg = Release|Any CPU
		{0C77C466-C72F-487F-9607-CE3BC9A2B336}.Release|Any CPU.Build.0 = Release|Any CPU
		{40A47533-20F1-40B3-BC59-0284DF73E59C}.Debug|Any CPU.ActiveCfg = Debug|Any CPU
		{40A47533-20F1-40B3-BC59-0284DF73E59C}.Debug|Any CPU.Build.0 = Debug|Any CPU
		{40A47533-20F1-40B3-BC59-0284DF73E59C}.Release|Any CPU.ActiveCfg = Release|Any CPU
		{40A47533-20F1-40B3-BC59-0284DF73E59C}.Release|Any CPU.Build.0 = Release|Any CPU
		{C620D663-7D81-4587-ADE7-43F619825CAE}.Debug|Any CPU.ActiveCfg = Debug|Any CPU
		{C620D663-7D81-4587-ADE7-43F619825CAE}.Debug|Any CPU.Build.0 = Debug|Any CPU
		{C620D663-7D81-4587-ADE7-43F619825CAE}.Release|Any CPU.ActiveCfg = Release|Any CPU
		{C620D663-7D81-4587-ADE7-43F619825CAE}.Release|Any CPU.Build.0 = Release|Any CPU
	EndGlobalSection
	GlobalSection(SolutionProperties) = preSolution
		HideSolutionNode = FALSE
	EndGlobalSection
EndGlobal
